dependencies:
- name: postgresql
  repository: https://charts.bitnami.com/bitnami
  version: 10.16.2
- name: postgresql
  repository: https://charts.bitnami.com/bitnami
  version: 10.16.2
digest: sha256:ffa0f7a5e35e130a422ed55e5d5af3e9cf6f2dcb2780e4d16d3b7c0667a26327
generated: "2022-01-26T21:42:46.0161752+01:00"
